
Microsoft Visual Studio Solution File, Format Version 12.00
# Visual Studio Version 17
VisualStudioVersion = 17.6.33723.286
MinimumVisualStudioVersion = 10.0.40219.1
Project("{FAE04EC0-301F-11D3-BF4B-00C04F79EFBC}") = "MedicalStore", "MedicalStore.csproj", "{B59DD0D3-E256-4906-BAB6-18FA199B87BB}"
EndProject
Global
	GlobalSection(SolutionConfigurationPlatforms) = preSolution
		Debug|Any CPU = Debug|Any CPU
		Release|Any CPU = Release|Any CPU
	EndGlobalSection
	GlobalSection(ProjectConfigurationPlatforms) = postSolution
		{B59DD0D3-E256-4906-BAB6-18FA199B87BB}.Debug|Any CPU.ActiveCfg = Debug|Any CPU
		{B59DD0D3-E256-4906-BAB6-18FA199B87BB}.Debug|Any CPU.Build.0 = Debug|Any CPU
		{B59DD0D3-E256-4906-BAB6-18FA199B87BB}.Release|Any CPU.ActiveCfg = Release|Any CPU
		{B59DD0D3-E256-4906-BAB6-18FA199B87BB}.Release|Any CPU.Build.0 = Release|Any CPU
	EndGlobalSection
	GlobalSection(SolutionProperties) = preSolution
		HideSolutionNode = FALSE
	EndGlobalSection
	GlobalSection(ExtensibilityGlobals) = postSolution
		SolutionGuid = {B484FA42-6DB9-42CB-8647-92787DE271C0}
	EndGlobalSection
EndGlobal
